namespace Calc
{
    internal class Program
    {
        static void Main(string[] args)
        {
            bool repeat = true;
            do 
            { 
                double num1 = 0;
                double num2 = 0;
                double result = 0;

                Console.WriteLine("-----------------");
                Console.WriteLine("Sopskiq calculator");
                Console.WriteLine("-----------------");

                Console.Write("Enter number 1: ");
                num1 = Convert.ToDouble(Console.ReadLine());

                Console.Write("Enter number 2: ");
                num2 = Convert.ToDouble(Console.ReadLine());

                Console.WriteLine("Enter an option: ");
                Console.WriteLine("\t+ : Dobawqi");
                Console.WriteLine("\t- : Minus mozuchni kletki");
                Console.WriteLine("\t/ : Delish");
                Console.WriteLine("\t* : PO po po po");
                Console.Write("Izberi si opciq: ");

                switch (Console.ReadLine())
                {
                    case "+":
                        result = num1 + num2;
                        Console.WriteLine($"Kakvo izleze: {num1} + {num2} = {result}");
                        break;
                    case "-":
                        result = num1 - num2;
                        Console.WriteLine($"Kakvo izleze: {num1} - {num2} = {result}");
                        break;
                    case "*":
                        result = num1 * num2;
                        Console.WriteLine($"Kakvo izleze: {num1} * {num2} = {result}");
                        break;
                    case "/":
                        if (num2 != 0)
                        {
                            result = num1 / num2;
                            Console.WriteLine($"Kakvo izleze: {num1} / {num2} = {result}");
                        }
                        else
                        {
                            Console.WriteLine("Ne mojesh da delish na mozuchnite si kletki!");
                        }
                        break;
                    default:
                        Console.WriteLine("Nqma takiva opcii za tebe");
                        break;
                }

                Console.Write("Sh smqtash li pak ili ne? (D = Da, N = Ne): ");
                string response = Console.ReadLine().ToUpper();
                repeat = response == "D";
            } while (repeat);
        }
    }
}
